
Microsoft Visual Studio Solution File, Format Version 12.00
# Visual Studio Version 16
VisualStudioVersion = 16.0.31624.102
MinimumVisualStudioVersion = 10.0.40219.1
Project("{FAE04EC0-301F-11D3-BF4B-00C04F79EFBC}") = "ConsoleApp1", "ConsoleApp1.csproj", "{0EBDB89A-4CA3-49F1-92A0-6738DE9B8734}"
EndProject
Global
	GlobalSection(SolutionConfigurationPlatforms) = preSolution
		Debug|Any CPU = Debug|Any CPU
		Release|Any CPU = Release|Any CPU
	EndGlobalSection
	GlobalSection(ProjectConfigurationPlatforms) = postSolution
		{0EBDB89A-4CA3-49F1-92A0-6738DE9B8734}.Debug|Any CPU.ActiveCfg = Debug|Any CPU
		{0EBDB89A-4CA3-49F1-92A0-6738DE9B8734}.Debug|Any CPU.Build.0 = Debug|Any CPU
		{0EBDB89A-4CA3-49F1-92A0-6738DE9B8734}.Release|Any CPU.ActiveCfg = Release|Any CPU
		{0EBDB89A-4CA3-49F1-92A0-6738DE9B8734}.Release|Any CPU.Build.0 = Release|Any CPU
	EndGlobalSection
	GlobalSection(SolutionProperties) = preSolution
		HideSolutionNode = FALSE
	EndGlobalSection
	GlobalSection(ExtensibilityGlobals) = postSolution
		SolutionGuid = {9FB57AF1-412F-4A8A-96B1-F911E37074BD}
	EndGlobalSection
EndGlobal
